
Microsoft Visual Studio Solution File, Format Version 12.00
# Visual Studio Version 17
VisualStudioVersion = 17.9.34622.214
MinimumVisualStudioVersion = 10.0.40219.1
Project("{FAE04EC0-301F-11D3-BF4B-00C04F79EFBC}") = "Simulado", "Simulado.csproj", "{D256E533-5CB5-4A5C-AA54-0FACD1EF92BC}"
EndProject
Global
	GlobalSection(SolutionConfigurationPlatforms) = preSolution
		Debug|Any CPU = Debug|Any CPU
		Release|Any CPU = Release|Any CPU
	EndGlobalSection
	GlobalSection(ProjectConfigurationPlatforms) = postSolution
		{D256E533-5CB5-4A5C-AA54-0FACD1EF92BC}.Debug|Any CPU.ActiveCfg = Debug|Any CPU
		{D256E533-5CB5-4A5C-AA54-0FACD1EF92BC}.Debug|Any CPU.Build.0 = Debug|Any CPU
		{D256E533-5CB5-4A5C-AA54-0FACD1EF92BC}.Release|Any CPU.ActiveCfg = Release|Any CPU
		{D256E533-5CB5-4A5C-AA54-0FACD1EF92BC}.Release|Any CPU.Build.0 = Release|Any CPU
	EndGlobalSection
	GlobalSection(SolutionProperties) = preSolution
		HideSolutionNode = FALSE
	EndGlobalSection
	GlobalSection(ExtensibilityGlobals) = postSolution
		SolutionGuid = {5F3EE5A4-088E-448D-A1AB-F22C71D87A7D}
	EndGlobalSection
EndGlobal
